speakeasyVersion: 1.662.0
sources:
    my-source:
        sourceNamespace: my-source
        sourceRevisionDigest: sha256:c0a2f97b8d7941c8c275b30f17d16fd65377f079047a484b64177b13f9366398
        sourceBlobDigest: sha256:a888c62792ef0c8cebf8703523c00403dfb4fc76479697136282b8b40c4ceeaf
        tags:
            - latest
            - speakeasy-sdk-regen-1764289683
            - "1.0"
targets:
    unified-php:
        source: my-source
        sourceNamespace: my-source
        sourceRevisionDigest: sha256:c0a2f97b8d7941c8c275b30f17d16fd65377f079047a484b64177b13f9366398
        sourceBlobDigest: sha256:a888c62792ef0c8cebf8703523c00403dfb4fc76479697136282b8b40c4ceeaf
        codeSamplesNamespace: my-source-php-code-samples
        codeSamplesRevisionDigest: sha256:459c1399a08c6bc2d2427bc42df2882334a44acc1fc0938158f0e5c7ca4f343a
workflow:
    workflowVersion: 1.0.0
    speakeasyVersion: latest
    sources:
        my-source:
            inputs:
                - location: https://api.unified.to/openapi.json
            registry:
                location: registry.speakeasyapi.dev/unified/unified/my-source
    targets:
        unified-php:
            target: php
            source: my-source
            publish:
                packagist:
                    username: $PACKAGIST_USERNAME
                    token: $PACKAGIST_TOKEN
            codeSamples:
                registry:
                    location: registry.speakeasyapi.dev/unified/unified/my-source-php-code-samples
                blocking: false
