speakeasyVersion: 1.785.0
sources:
    my-source:
        sourceNamespace: my-source
        sourceRevisionDigest: sha256:05cb7670e49306563023011c1926e0ba2445c08704c6b20e11d91036e277cd15
        sourceBlobDigest: sha256:dd29726f1e0582764b2abe6128104e9b7fff2b010d14e2747d25be01f9583123
        tags:
            - latest
            - "1.0"
targets:
    unified-php:
        source: my-source
        sourceNamespace: my-source
        sourceRevisionDigest: sha256:05cb7670e49306563023011c1926e0ba2445c08704c6b20e11d91036e277cd15
        sourceBlobDigest: sha256:dd29726f1e0582764b2abe6128104e9b7fff2b010d14e2747d25be01f9583123
        codeSamplesNamespace: my-source-php-code-samples
        codeSamplesRevisionDigest: sha256:d23ad4739c45b1869a492e6a4591cd5af979471e53d6a63dbb4191cbb106d8f4
workflow:
    workflowVersion: 1.0.0
    speakeasyVersion: latest
    sources:
        my-source:
            inputs:
                - location: https://api.unified.to/openapi.json
            registry:
                location: registry.speakeasyapi.dev/unified/unified/my-source
    targets:
        unified-php:
            target: php
            source: my-source
            publish:
                packagist:
                    username: $PACKAGIST_USERNAME
                    token: $PACKAGIST_TOKEN
            codeSamples:
                registry:
                    location: registry.speakeasyapi.dev/unified/unified/my-source-php-code-samples
                blocking: false
