speakeasyVersion: 1.680.0
sources:
    my-source:
        sourceNamespace: my-source
        sourceRevisionDigest: sha256:8522c2a5716ecf150bf56c121d1b0ee66ecceec0291ad4f5eb1dc4674dfb3399
        sourceBlobDigest: sha256:6846a432dc245c1058e105c2bb1ef522df62218b25dc1ccdf1219ac2eda7d806
        tags:
            - latest
            - speakeasy-sdk-regen-1766017602
            - "1.0"
targets:
    unified-php:
        source: my-source
        sourceNamespace: my-source
        sourceRevisionDigest: sha256:8522c2a5716ecf150bf56c121d1b0ee66ecceec0291ad4f5eb1dc4674dfb3399
        sourceBlobDigest: sha256:6846a432dc245c1058e105c2bb1ef522df62218b25dc1ccdf1219ac2eda7d806
        codeSamplesNamespace: my-source-php-code-samples
        codeSamplesRevisionDigest: sha256:55e0d90e0d0054bd664877d0b75edf71d9bd603ca32715afd0c032effc9f9de0
workflow:
    workflowVersion: 1.0.0
    speakeasyVersion: latest
    sources:
        my-source:
            inputs:
                - location: https://api.unified.to/openapi.json
            registry:
                location: registry.speakeasyapi.dev/unified/unified/my-source
    targets:
        unified-php:
            target: php
            source: my-source
            publish:
                packagist:
                    username: $PACKAGIST_USERNAME
                    token: $PACKAGIST_TOKEN
            codeSamples:
                registry:
                    location: registry.speakeasyapi.dev/unified/unified/my-source-php-code-samples
                blocking: false
